
Microsoft Visual Studio Solution File, Format Version 12.00
# Visual Studio Version 17
VisualStudioVersion = 17.2.32505.173
MinimumVisualStudioVersion = 10.0.40219.1
Project("{8BC9CEB8-8B4A-11D0-8D11-00A0C91BC942}") = "DataTypes", "DataTypes\DataTypes.vcxproj", "{40F799C4-65B3-4B26-9D89-E84982AF2672}"
EndProject
Project("{8BC9CEB8-8B4A-11D0-8D11-00A0C91BC942}") = "HomeWork", "HomeWork\HomeWork.vcxproj", "{E7359A13-32FD-4164-B0A0-ADFCAA5AD16F}"
EndProject
Project("{8BC9CEB8-8B4A-11D0-8D11-00A0C91BC942}") = "Operators", "Operators\Operators.vcxproj", "{DA1BB2FE-A96F-4373-87F6-1BF300567E8E}"
EndProject
Global
	GlobalSection(SolutionConfigurationPlatforms) = preSolution
		Debug|x64 = Debug|x64
		Debug|x86 = Debug|x86
		Release|x64 = Release|x64
		Release|x86 = Release|x86
	EndGlobalSection
	GlobalSection(ProjectConfigurationPlatforms) = postSolution
		{40F799C4-65B3-4B26-9D89-E84982AF2672}.Debug|x64.ActiveCfg = Debug|x64
		{40F799C4-65B3-4B26-9D89-E84982AF2672}.Debug|x64.Build.0 = Debug|x64
		{40F799C4-65B3-4B26-9D89-E84982AF2672}.Debug|x86.ActiveCfg = Debug|Win32
		{40F799C4-65B3-4B26-9D89-E84982AF2672}.Debug|x86.Build.0 = Debug|Win32
		{40F799C4-65B3-4B26-9D89-E84982AF2672}.Release|x64.ActiveCfg = Release|x64
		{40F799C4-65B3-4B26-9D89-E84982AF2672}.Release|x64.Build.0 = Release|x64
		{40F799C4-65B3-4B26-9D89-E84982AF2672}.Release|x86.ActiveCfg = Release|Win32
		{40F799C4-65B3-4B26-9D89-E84982AF2672}.Release|x86.Build.0 = Release|Win32
		{E7359A13-32FD-4164-B0A0-ADFCAA5AD16F}.Debug|x64.ActiveCfg = Debug|x64
		{E7359A13-32FD-4164-B0A0-ADFCAA5AD16F}.Debug|x64.Build.0 = Debug|x64
		{E7359A13-32FD-4164-B0A0-ADFCAA5AD16F}.Debug|x86.ActiveCfg = Debug|Win32
		{E7359A13-32FD-4164-B0A0-ADFCAA5AD16F}.Debug|x86.Build.0 = Debug|Win32
		{E7359A13-32FD-4164-B0A0-ADFCAA5AD16F}.Release|x64.ActiveCfg = Release|x64
		{E7359A13-32FD-4164-B0A0-ADFCAA5AD16F}.Release|x64.Build.0 = Release|x64
		{E7359A13-32FD-4164-B0A0-ADFCAA5AD16F}.Release|x86.ActiveCfg = Release|Win32
		{E7359A13-32FD-4164-B0A0-ADFCAA5AD16F}.Release|x86.Build.0 = Release|Win32
		{DA1BB2FE-A96F-4373-87F6-1BF300567E8E}.Debug|x64.ActiveCfg = Debug|x64
		{DA1BB2FE-A96F-4373-87F6-1BF300567E8E}.Debug|x64.Build.0 = Debug|x64
		{DA1BB2FE-A96F-4373-87F6-1BF300567E8E}.Debug|x86.ActiveCfg = Debug|Win32
		{DA1BB2FE-A96F-4373-87F6-1BF300567E8E}.Debug|x86.Build.0 = Debug|Win32
		{DA1BB2FE-A96F-4373-87F6-1BF300567E8E}.Release|x64.ActiveCfg = Release|x64
		{DA1BB2FE-A96F-4373-87F6-1BF300567E8E}.Release|x64.Build.0 = Release|x64
		{DA1BB2FE-A96F-4373-87F6-1BF300567E8E}.Release|x86.ActiveCfg = Release|Win32
		{DA1BB2FE-A96F-4373-87F6-1BF300567E8E}.Release|x86.Build.0 = Release|Win32
	EndGlobalSection
	GlobalSection(SolutionProperties) = preSolution
		HideSolutionNode = FALSE
	EndGlobalSection
	GlobalSection(ExtensibilityGlobals) = postSolution
		SolutionGuid = {BE69ED79-6DBE-4669-93E0-2068BFF0C979}
	EndGlobalSection
EndGlobal
